{
	"name": "shacl-test-as-object-browser",
	"version": "1.3.0",
	"lockfileVersion": 2,
	"requires": true,
	"packages": {
		"": {
			"version": "1.3.0",
			"license": "MIT",
			"dependencies": {
				"@on2ts/ontologies-utils": "^1.0.16",
				"rdf-object-proxy": "^1.0.0"
			}
		},
		"node_modules/@on2ts/ontologies-utils": {
			"version": "1.0.16",
			"resolved": "https://registry.npmjs.org/@on2ts/ontologies-utils/-/ontologies-utils-1.0.16.tgz",
			"integrity": "sha512-5N4v5zMOGX4JFvQU7JrlNR7vdRTcma+qVDdfsltZtcZQP1EYiUzcaMTQrgzEy5MbG4UF2HY/LsKkpTeLmwk3Ww==",
			"dependencies": {
				"@types/rdf-js": "^4.0.1",
				"jsonld-streaming-parser": "^2.2.1"
			}
		},
		"node_modules/@rdfjs/data-model": {
			"version": "1.2.0",
			"resolved": "https://registry.npmjs.org/@rdfjs/data-model/-/data-model-1.2.0.tgz",
			"integrity": "sha512-6ITWcu2sr9zJqXUPDm1XJ8DRpea7PotWBIkTzuO1MCSruLOWH2ICoQOAtlJy30cT+GqH9oAQKPR+CHXejsdizA==",
			"dependencies": {
				"@types/rdf-js": "*"
			},
			"bin": {
				"rdfjs-data-model-test": "bin/test.js"
			},
			"engines": {
				"node": ">=6"
			}
		},
		"node_modules/@types/http-link-header": {
			"version": "1.0.2",
			"resolved": "https://registry.npmjs.org/@types/http-link-header/-/http-link-header-1.0.2.tgz",
			"integrity": "sha512-rWvCGMtwx+01LFVpLbSYagloSMgqDwfzLSx9JcwUEkJWo4oDBKihp6X92Ff5tIS4VE5ojV4wH6iMnAnr/TZhhg==",
			"dependencies": {
				"@types/node": "*"
			}
		},
		"node_modules/@types/node": {
			"version": "14.14.37",
			"resolved": "https://registry.npmjs.org/@types/node/-/node-14.14.37.tgz",
			"integrity": "sha512-XYmBiy+ohOR4Lh5jE379fV2IU+6Jn4g5qASinhitfyO71b/sCo6MKsMLF5tc7Zf2CE8hViVQyYSobJNke8OvUw=="
		},
		"node_modules/@types/rdf-js": {
			"version": "4.0.1",
			"resolved": "https://registry.npmjs.org/@types/rdf-js/-/rdf-js-4.0.1.tgz",
			"integrity": "sha512-S+28+3RoFI+3arls7dS813gYnhb2HiyLX+gs00rgIvCzHU93DaYajhx4tyT+XEO8SjtzZw90OF4OVdYXBwbvkQ==",
			"dependencies": {
				"@types/node": "*"
			}
		},
		"node_modules/canonicalize": {
			"version": "1.0.5",
			"resolved": "https://registry.npmjs.org/canonicalize/-/canonicalize-1.0.5.tgz",
			"integrity": "sha512-mAjKJPIyP0xqqv6IAkvso07StOmz6cmGtNDg3pXCSzXVZOqka7StIkAhJl/zHOi4M2CgpYfD6aeRWbnrmtvBEA=="
		},
		"node_modules/cross-fetch": {
			"version": "3.1.4",
			"resolved": "https://registry.npmjs.org/cross-fetch/-/cross-fetch-3.1.4.tgz",
			"integrity": "sha512-1eAtFWdIubi6T4XPy6ei9iUFoKpUkIF971QLN8lIvvvwueI65+Nw5haMNKUwfJxabqlIIDODJKGrQ66gxC0PbQ==",
			"dependencies": {
				"node-fetch": "2.6.1"
			}
		},
		"node_modules/http-link-header": {
			"version": "1.0.3",
			"resolved": "https://registry.npmjs.org/http-link-header/-/http-link-header-1.0.3.tgz",
			"integrity": "sha512-nARK1wSKoBBrtcoESlHBx36c1Ln/gnbNQi1eB6MeTUefJIT3NvUOsV15bClga0k38f0q/kN5xxrGSDS3EFnm9w==",
			"engines": {
				"node": ">=4.0.0"
			}
		},
		"node_modules/jsonld-context-parser": {
			"version": "2.1.1",
			"resolved": "https://registry.npmjs.org/jsonld-context-parser/-/jsonld-context-parser-2.1.1.tgz",
			"integrity": "sha512-7yKhnwFaiCnDPUZYQuAWyT0zZBfOKZDyjtqFVNbXrYRkboU+m55UsastsfXbo7qNroTGdFiEyxHEHDEfBC0P4Q==",
			"dependencies": {
				"@types/http-link-header": "^1.0.1",
				"@types/node": "^13.1.0",
				"canonicalize": "^1.0.1",
				"cross-fetch": "^3.0.6",
				"http-link-header": "^1.0.2",
				"relative-to-absolute-iri": "^1.0.5"
			},
			"bin": {
				"jsonld-context-parse": "bin/jsonld-context-parse.js"
			}
		},
		"node_modules/jsonld-context-parser/node_modules/@types/node": {
			"version": "13.13.48",
			"resolved": "https://registry.npmjs.org/@types/node/-/node-13.13.48.tgz",
			"integrity": "sha512-z8wvSsgWQzkr4sVuMEEOvwMdOQjiRY2Y/ZW4fDfjfe3+TfQrZqFKOthBgk2RnVEmtOKrkwdZ7uTvsxTBLjKGDQ=="
		},
		"node_modules/jsonld-streaming-parser": {
			"version": "2.2.1",
			"resolved": "https://registry.npmjs.org/jsonld-streaming-parser/-/jsonld-streaming-parser-2.2.1.tgz",
			"integrity": "sha512-KRCcRQGYDH9AO+VgLgbC1AwUKeVs3SpFONiABhBvcIZjErbsXxmiXiUtSYor0CrtWGLjVMoEZA5jCFUsO3Kezw==",
			"dependencies": {
				"@types/http-link-header": "^1.0.1",
				"@types/rdf-js": "*",
				"canonicalize": "^1.0.1",
				"http-link-header": "^1.0.2",
				"jsonld-context-parser": "^2.1.1",
				"jsonparse": "^1.3.1",
				"rdf-data-factory": "^1.0.4"
			}
		},
		"node_modules/jsonparse": {
			"version": "1.3.1",
			"resolved": "https://registry.npmjs.org/jsonparse/-/jsonparse-1.3.1.tgz",
			"integrity": "sha1-P02uSpH6wxX3EGL4UhzCOfE2YoA=",
			"engines": [
				"node >= 0.2.0"
			]
		},
		"node_modules/node-fetch": {
			"version": "2.6.1",
			"resolved": "https://registry.npmjs.org/node-fetch/-/node-fetch-2.6.1.tgz",
			"integrity": "sha512-V4aYg89jEoVRxRb2fJdAg8FHvI7cEyYdVAh94HH0UIK8oJxUfkjlDQN9RbMx+bEjP7+ggMiFRprSti032Oipxw==",
			"engines": {
				"node": "4.x || >=6.0.0"
			}
		},
		"node_modules/rdf-data-factory": {
			"version": "1.0.4",
			"resolved": "https://registry.npmjs.org/rdf-data-factory/-/rdf-data-factory-1.0.4.tgz",
			"integrity": "sha512-ZIIwEkLcV7cTc+atvQFzAETFVRHz1BRe/MhdkZqYse8vxskErj8/bF/Ittc3B5c0GTyw6O3jVF2V7xBRGyRoSQ==",
			"dependencies": {
				"@types/rdf-js": "*"
			}
		},
		"node_modules/rdf-object": {
			"version": "1.10.2",
			"resolved": "https://registry.npmjs.org/rdf-object/-/rdf-object-1.10.2.tgz",
			"integrity": "sha512-IvppylbhVlcbyxDuwJDLNYgUsX4m7Kztfa1B2zZzl7M8V6edmQqKglCFHZ93ZveQ6m9q1V1VTYLaGaB7p9no8Q==",
			"dependencies": {
				"jsonld-context-parser": "^2.0.2",
				"rdf-data-factory": "^1.0.3",
				"rdf-string": "^1.5.0",
				"streamify-array": "^1.0.1"
			}
		},
		"node_modules/rdf-object-proxy": {
			"version": "1.0.0",
			"resolved": "https://registry.npmjs.org/rdf-object-proxy/-/rdf-object-proxy-1.0.0.tgz",
			"integrity": "sha512-1Ekt7o65eYEvCrXlWWAK3n3A6+3tgfViNoBgAOALOKYfauta4TBWZ+b0mG8ph5VzyEciX1PqhItAPZeymo75wA==",
			"dependencies": {
				"@rdfjs/data-model": "^1.2.0",
				"rdf-object": "^1.8.0"
			}
		},
		"node_modules/rdf-string": {
			"version": "1.5.0",
			"resolved": "https://registry.npmjs.org/rdf-string/-/rdf-string-1.5.0.tgz",
			"integrity": "sha512-3TEJuDIKUADgZrfcZG+zAN4GfVA1Ei2sKA7Z7QVHkAE36wWoRGPJbGihPQMldgzvy9lG2nzZU+CXz+6oGSQNsQ==",
			"dependencies": {
				"rdf-data-factory": "^1.0.0"
			}
		},
		"node_modules/relative-to-absolute-iri": {
			"version": "1.0.6",
			"resolved": "https://registry.npmjs.org/relative-to-absolute-iri/-/relative-to-absolute-iri-1.0.6.tgz",
			"integrity": "sha512-Xw5/Zx6iWSCMJUXwXVOjySjH8Xli4hVFL9QQFvkl1qEmFBG94J+QUI9emnoctOCD3285f1jNV+QWV9eDYwIdfQ=="
		},
		"node_modules/streamify-array": {
			"version": "1.0.1",
			"resolved": "https://registry.npmjs.org/streamify-array/-/streamify-array-1.0.1.tgz",
			"integrity": "sha512-ZnswaBcC6B1bhPLSQOlC6CdaDUSzU0wr2lvvHpbHNms8V7+DLd8uEAzDAWpsjxbFkijBHhuObFO/qqu52DZUMA=="
		}
	},
	"dependencies": {
		"@on2ts/ontologies-utils": {
			"version": "1.0.16",
			"resolved": "https://registry.npmjs.org/@on2ts/ontologies-utils/-/ontologies-utils-1.0.16.tgz",
			"integrity": "sha512-5N4v5zMOGX4JFvQU7JrlNR7vdRTcma+qVDdfsltZtcZQP1EYiUzcaMTQrgzEy5MbG4UF2HY/LsKkpTeLmwk3Ww==",
			"requires": {
				"@types/rdf-js": "^4.0.1",
				"jsonld-streaming-parser": "^2.2.1"
			}
		},
		"@rdfjs/data-model": {
			"version": "1.2.0",
			"resolved": "https://registry.npmjs.org/@rdfjs/data-model/-/data-model-1.2.0.tgz",
			"integrity": "sha512-6ITWcu2sr9zJqXUPDm1XJ8DRpea7PotWBIkTzuO1MCSruLOWH2ICoQOAtlJy30cT+GqH9oAQKPR+CHXejsdizA==",
			"requires": {
				"@types/rdf-js": "*"
			}
		},
		"@types/http-link-header": {
			"version": "1.0.2",
			"resolved": "https://registry.npmjs.org/@types/http-link-header/-/http-link-header-1.0.2.tgz",
			"integrity": "sha512-rWvCGMtwx+01LFVpLbSYagloSMgqDwfzLSx9JcwUEkJWo4oDBKihp6X92Ff5tIS4VE5ojV4wH6iMnAnr/TZhhg==",
			"requires": {
				"@types/node": "*"
			}
		},
		"@types/node": {
			"version": "14.14.37",
			"resolved": "https://registry.npmjs.org/@types/node/-/node-14.14.37.tgz",
			"integrity": "sha512-XYmBiy+ohOR4Lh5jE379fV2IU+6Jn4g5qASinhitfyO71b/sCo6MKsMLF5tc7Zf2CE8hViVQyYSobJNke8OvUw=="
		},
		"@types/rdf-js": {
			"version": "4.0.1",
			"resolved": "https://registry.npmjs.org/@types/rdf-js/-/rdf-js-4.0.1.tgz",
			"integrity": "sha512-S+28+3RoFI+3arls7dS813gYnhb2HiyLX+gs00rgIvCzHU93DaYajhx4tyT+XEO8SjtzZw90OF4OVdYXBwbvkQ==",
			"requires": {
				"@types/node": "*"
			}
		},
		"canonicalize": {
			"version": "1.0.5",
			"resolved": "https://registry.npmjs.org/canonicalize/-/canonicalize-1.0.5.tgz",
			"integrity": "sha512-mAjKJPIyP0xqqv6IAkvso07StOmz6cmGtNDg3pXCSzXVZOqka7StIkAhJl/zHOi4M2CgpYfD6aeRWbnrmtvBEA=="
		},
		"cross-fetch": {
			"version": "3.1.4",
			"resolved": "https://registry.npmjs.org/cross-fetch/-/cross-fetch-3.1.4.tgz",
			"integrity": "sha512-1eAtFWdIubi6T4XPy6ei9iUFoKpUkIF971QLN8lIvvvwueI65+Nw5haMNKUwfJxabqlIIDODJKGrQ66gxC0PbQ==",
			"requires": {
				"node-fetch": "2.6.1"
			}
		},
		"http-link-header": {
			"version": "1.0.3",
			"resolved": "https://registry.npmjs.org/http-link-header/-/http-link-header-1.0.3.tgz",
			"integrity": "sha512-nARK1wSKoBBrtcoESlHBx36c1Ln/gnbNQi1eB6MeTUefJIT3NvUOsV15bClga0k38f0q/kN5xxrGSDS3EFnm9w=="
		},
		"jsonld-context-parser": {
			"version": "2.1.1",
			"resolved": "https://registry.npmjs.org/jsonld-context-parser/-/jsonld-context-parser-2.1.1.tgz",
			"integrity": "sha512-7yKhnwFaiCnDPUZYQuAWyT0zZBfOKZDyjtqFVNbXrYRkboU+m55UsastsfXbo7qNroTGdFiEyxHEHDEfBC0P4Q==",
			"requires": {
				"@types/http-link-header": "^1.0.1",
				"@types/node": "^13.1.0",
				"canonicalize": "^1.0.1",
				"cross-fetch": "^3.0.6",
				"http-link-header": "^1.0.2",
				"relative-to-absolute-iri": "^1.0.5"
			},
			"dependencies": {
				"@types/node": {
					"version": "13.13.48",
					"resolved": "https://registry.npmjs.org/@types/node/-/node-13.13.48.tgz",
					"integrity": "sha512-z8wvSsgWQzkr4sVuMEEOvwMdOQjiRY2Y/ZW4fDfjfe3+TfQrZqFKOthBgk2RnVEmtOKrkwdZ7uTvsxTBLjKGDQ=="
				}
			}
		},
		"jsonld-streaming-parser": {
			"version": "2.2.1",
			"resolved": "https://registry.npmjs.org/jsonld-streaming-parser/-/jsonld-streaming-parser-2.2.1.tgz",
			"integrity": "sha512-KRCcRQGYDH9AO+VgLgbC1AwUKeVs3SpFONiABhBvcIZjErbsXxmiXiUtSYor0CrtWGLjVMoEZA5jCFUsO3Kezw==",
			"requires": {
				"@types/http-link-header": "^1.0.1",
				"@types/rdf-js": "*",
				"canonicalize": "^1.0.1",
				"http-link-header": "^1.0.2",
				"jsonld-context-parser": "^2.1.1",
				"jsonparse": "^1.3.1",
				"rdf-data-factory": "^1.0.4"
			}
		},
		"jsonparse": {
			"version": "1.3.1",
			"resolved": "https://registry.npmjs.org/jsonparse/-/jsonparse-1.3.1.tgz",
			"integrity": "sha1-P02uSpH6wxX3EGL4UhzCOfE2YoA="
		},
		"node-fetch": {
			"version": "2.6.1",
			"resolved": "https://registry.npmjs.org/node-fetch/-/node-fetch-2.6.1.tgz",
			"integrity": "sha512-V4aYg89jEoVRxRb2fJdAg8FHvI7cEyYdVAh94HH0UIK8oJxUfkjlDQN9RbMx+bEjP7+ggMiFRprSti032Oipxw=="
		},
		"rdf-data-factory": {
			"version": "1.0.4",
			"resolved": "https://registry.npmjs.org/rdf-data-factory/-/rdf-data-factory-1.0.4.tgz",
			"integrity": "sha512-ZIIwEkLcV7cTc+atvQFzAETFVRHz1BRe/MhdkZqYse8vxskErj8/bF/Ittc3B5c0GTyw6O3jVF2V7xBRGyRoSQ==",
			"requires": {
				"@types/rdf-js": "*"
			}
		},
		"rdf-object": {
			"version": "1.10.2",
			"resolved": "https://registry.npmjs.org/rdf-object/-/rdf-object-1.10.2.tgz",
			"integrity": "sha512-IvppylbhVlcbyxDuwJDLNYgUsX4m7Kztfa1B2zZzl7M8V6edmQqKglCFHZ93ZveQ6m9q1V1VTYLaGaB7p9no8Q==",
			"requires": {
				"jsonld-context-parser": "^2.0.2",
				"rdf-data-factory": "^1.0.3",
				"rdf-string": "^1.5.0",
				"streamify-array": "^1.0.1"
			}
		},
		"rdf-object-proxy": {
			"version": "1.0.0",
			"resolved": "https://registry.npmjs.org/rdf-object-proxy/-/rdf-object-proxy-1.0.0.tgz",
			"integrity": "sha512-1Ekt7o65eYEvCrXlWWAK3n3A6+3tgfViNoBgAOALOKYfauta4TBWZ+b0mG8ph5VzyEciX1PqhItAPZeymo75wA==",
			"requires": {
				"@rdfjs/data-model": "^1.2.0",
				"rdf-object": "^1.8.0"
			}
		},
		"rdf-string": {
			"version": "1.5.0",
			"resolved": "https://registry.npmjs.org/rdf-string/-/rdf-string-1.5.0.tgz",
			"integrity": "sha512-3TEJuDIKUADgZrfcZG+zAN4GfVA1Ei2sKA7Z7QVHkAE36wWoRGPJbGihPQMldgzvy9lG2nzZU+CXz+6oGSQNsQ==",
			"requires": {
				"rdf-data-factory": "^1.0.0"
			}
		},
		"relative-to-absolute-iri": {
			"version": "1.0.6",
			"resolved": "https://registry.npmjs.org/relative-to-absolute-iri/-/relative-to-absolute-iri-1.0.6.tgz",
			"integrity": "sha512-Xw5/Zx6iWSCMJUXwXVOjySjH8Xli4hVFL9QQFvkl1qEmFBG94J+QUI9emnoctOCD3285f1jNV+QWV9eDYwIdfQ=="
		},
		"streamify-array": {
			"version": "1.0.1",
			"resolved": "https://registry.npmjs.org/streamify-array/-/streamify-array-1.0.1.tgz",
			"integrity": "sha512-ZnswaBcC6B1bhPLSQOlC6CdaDUSzU0wr2lvvHpbHNms8V7+DLd8uEAzDAWpsjxbFkijBHhuObFO/qqu52DZUMA=="
		}
	}
}
